
Microsoft Visual Studio Solution File, Format Version 12.00
# Visual Studio Version 17
VisualStudioVersion = 17.5.002.0
MinimumVisualStudioVersion = 10.0.40219.1
Project("{9A19103F-16F7-4668-BE54-9A1E7A4F7556}") = "ReactDesktopApp", "ReactDesktopApp.csproj", "{6161132F-EFE8-452E-8105-0E9FF8B2D429}"
EndProject
Global
	GlobalSection(SolutionConfigurationPlatforms) = preSolution
		Debug|Any CPU = Debug|Any CPU
		Release|Any CPU = Release|Any CPU
	EndGlobalSection
	GlobalSection(ProjectConfigurationPlatforms) = postSolution
		{6161132F-EFE8-452E-8105-0E9FF8B2D429}.Debug|Any CPU.ActiveCfg = Debug|Any CPU
		{6161132F-EFE8-452E-8105-0E9FF8B2D429}.Debug|Any CPU.Build.0 = Debug|Any CPU
		{6161132F-EFE8-452E-8105-0E9FF8B2D429}.Release|Any CPU.ActiveCfg = Release|Any CPU
		{6161132F-EFE8-452E-8105-0E9FF8B2D429}.Release|Any CPU.Build.0 = Release|Any CPU
	EndGlobalSection
	GlobalSection(SolutionProperties) = preSolution
		HideSolutionNode = FALSE
	EndGlobalSection
	GlobalSection(ExtensibilityGlobals) = postSolution
		SolutionGuid = {F24304FD-676B-454A-9948-CC9BB7C52EA4}
	EndGlobalSection
EndGlobal
